// !$*UTF8*$!
{
	archiveVersion = 1;
	classes = {
	};
	objectVersion = 55;
	objects = {

/* Begin PBXBuildFile section */
		8320E1452719AF5E009CE5B5 /* AppDelegate.swift in Sources */ = {isa = PBXBuildFile; fileRef = 8320E1442719AF5E009CE5B5 /* AppDelegate.swift */; };
		8320E1472719AF5E009CE5B5 /* SceneDelegate.swift in Sources */ = {isa = PBXBuildFile; fileRef = 8320E1462719AF5E009CE5B5 /* SceneDelegate.swift */; };
		8320E14E2719AF60009CE5B5 /* Assets.xcassets in Resources */ = {isa = PBXBuildFile; fileRef = 8320E14D2719AF60009CE5B5 /* Assets.xcassets */; };
		8320E1512719AF60009CE5B5 /* LaunchScreen.storyboard in Resources */ = {isa = PBXBuildFile; fileRef = 8320E14F2719AF60009CE5B5 /* LaunchScreen.storyboard */; };
		8320E15C2719B863009CE5B5 /* HabitsStore.swift in Sources */ = {isa = PBXBuildFile; fileRef = 8320E15B2719B863009CE5B5 /* HabitsStore.swift */; };
		8320E15E2719B953009CE5B5 /* HabitsViewController.swift in Sources */ = {isa = PBXBuildFile; fileRef = 8320E15D2719B953009CE5B5 /* HabitsViewController.swift */; };
		8320E1602719B966009CE5B5 /* InfoViewController.swift in Sources */ = {isa = PBXBuildFile; fileRef = 8320E15F2719B966009CE5B5 /* InfoViewController.swift */; };
		8320E1662719C7CC009CE5B5 /* publicExtensions.swift in Sources */ = {isa = PBXBuildFile; fileRef = 8320E1652719C7CC009CE5B5 /* publicExtensions.swift */; };
		8320E16A2719E094009CE5B5 /* HabitViewController.swift in Sources */ = {isa = PBXBuildFile; fileRef = 8320E1692719E094009CE5B5 /* HabitViewController.swift */; };
		835E62A0271DF28F005003C1 /* HabitsCollectionViewCell.swift in Sources */ = {isa = PBXBuildFile; fileRef = 835E629F271DF28F005003C1 /* HabitsCollectionViewCell.swift */; };
		835E62A42725B87E005003C1 /* HabitDetailsViewController.swift in Sources */ = {isa = PBXBuildFile; fileRef = 835E62A32725B87E005003C1 /* HabitDetailsViewController.swift */; };
		835E62A62725B981005003C1 /* HabitDatesTableViewCell.swift in Sources */ = {isa = PBXBuildFile; fileRef = 835E62A52725B981005003C1 /* HabitDatesTableViewCell.swift */; };
		835E62A927285167005003C1 /* ProgressCollectionViewCell.swift in Sources */ = {isa = PBXBuildFile; fileRef = 835E62A827285167005003C1 /* ProgressCollectionViewCell.swift */; };
/* End PBXBuildFile section */

/* Begin PBXFileReference section */
		8320E1412719AF5E009CE5B5 /* MyHabits.app */ = {isa = PBXFileReference; explicitFileType = wrapper.application; includeInIndex = 0; path = MyHabits.app; sourceTree = BUILT_PRODUCTS_DIR; };
		8320E1442719AF5E009CE5B5 /* AppDelegate.swift */ = {isa = PBXFileReference; lastKnownFileType = sourcecode.swift; path = AppDelegate.swift; sourceTree = "<group>"; };
		8320E1462719AF5E009CE5B5 /* SceneDelegate.swift */ = {isa = PBXFileReference; lastKnownFileType = sourcecode.swift; path = SceneDelegate.swift; sourceTree = "<group>"; };
		8320E14D2719AF60009CE5B5 /* Assets.xcassets */ = {isa = PBXFileReference; lastKnownFileType = folder.assetcatalog; path = Assets.xcassets; sourceTree = "<group>"; };
		8320E1502719AF60009CE5B5 /* Base */ = {isa = PBXFileReference; lastKnownFileType = file.storyboard; name = Base; path = Base.lproj/LaunchScreen.storyboard; sourceTree = "<group>"; };
		8320E1522719AF60009CE5B5 /* Info.plist */ = {isa = PBXFileReference; lastKnownFileType = text.plist.xml; path = Info.plist; sourceTree = "<group>"; };
		8320E15B2719B863009CE5B5 /* HabitsStore.swift */ = {isa = PBXFileReference; lastKnownFileType = sourcecode.swift; path = HabitsStore.swift; sourceTree = "<group>"; };
		8320E15D2719B953009CE5B5 /* HabitsViewController.swift */ = {isa = PBXFileReference; lastKnownFileType = sourcecode.swift; path = HabitsViewController.swift; sourceTree = "<group>"; };
		8320E15F2719B966009CE5B5 /* InfoViewController.swift */ = {isa = PBXFileReference; lastKnownFileType = sourcecode.swift; path = InfoViewController.swift; sourceTree = "<group>"; };
		8320E1652719C7CC009CE5B5 /* publicExtensions.swift */ = {isa = PBXFileReference; lastKnownFileType = sourcecode.swift; path = publicExtensions.swift; sourceTree = "<group>"; };
		8320E1692719E094009CE5B5 /* HabitViewController.swift */ = {isa = PBXFileReference; lastKnownFileType = sourcecode.swift; path = HabitViewController.swift; sourceTree = "<group>"; };
		835E629F271DF28F005003C1 /* HabitsCollectionViewCell.swift */ = {isa = PBXFileReference; lastKnownFileType = sourcecode.swift; path = HabitsCollectionViewCell.swift; sourceTree = "<group>"; };
		835E62A32725B87E005003C1 /* HabitDetailsViewController.swift */ = {isa = PBXFileReference; lastKnownFileType = sourcecode.swift; path = HabitDetailsViewController.swift; sourceTree = "<group>"; };
		835E62A52725B981005003C1 /* HabitDatesTableViewCell.swift */ = {isa = PBXFileReference; lastKnownFileType = sourcecode.swift; path = HabitDatesTableViewCell.swift; sourceTree = "<group>"; };
		835E62A827285167005003C1 /* ProgressCollectionViewCell.swift */ = {isa = PBXFileReference; lastKnownFileType = sourcecode.swift; path = ProgressCollectionViewCell.swift; sourceTree = "<group>"; };
/* End PBXFileReference section */

/* Begin PBXFrameworksBuildPhase section */
		8320E13E2719AF5E009CE5B5 /* Frameworks */ = {
			isa = PBXFrameworksBuildPhase;
			buildActionMask = 2147483647;
			files = (
			);
			runOnlyForDeploymentPostprocessing = 0;
		};
/* End PBXFrameworksBuildPhase section */

/* Begin PBXGroup section */
		8320E1382719AF5D009CE5B5 = {
			isa = PBXGroup;
			children = (
				8320E1432719AF5E009CE5B5 /* MyHabits */,
				8320E1422719AF5E009CE5B5 /* Products */,
			);
			sourceTree = "<group>";
		};
		8320E1422719AF5E009CE5B5 /* Products */ = {
			isa = PBXGroup;
			children = (
				8320E1412719AF5E009CE5B5 /* MyHabits.app */,
			);
			name = Products;
			sourceTree = "<group>";
		};
		8320E1432719AF5E009CE5B5 /* MyHabits */ = {
			isa = PBXGroup;
			children = (
				8320E1522719AF60009CE5B5 /* Info.plist */,
				835E62AB272873A3005003C1 /* AppSceneDelegate */,
				8320E1612719C734009CE5B5 /* Info */,
				8320E14D2719AF60009CE5B5 /* Assets.xcassets */,
				8320E14F2719AF60009CE5B5 /* LaunchScreen.storyboard */,
				8320E15B2719B863009CE5B5 /* HabitsStore.swift */,
				8320E1682719E078009CE5B5 /* Habits */,
				8320E1642719C7A7009CE5B5 /* Utilits */,
			);
			path = MyHabits;
			sourceTree = "<group>";
		};
		8320E1612719C734009CE5B5 /* Info */ = {
			isa = PBXGroup;
			children = (
				8320E15F2719B966009CE5B5 /* InfoViewController.swift */,
			);
			path = Info;
			sourceTree = "<group>";
		};
		8320E1642719C7A7009CE5B5 /* Utilits */ = {
			isa = PBXGroup;
			children = (
				8320E1652719C7CC009CE5B5 /* publicExtensions.swift */,
			);
			path = Utilits;
			sourceTree = "<group>";
		};
		8320E1682719E078009CE5B5 /* Habits */ = {
			isa = PBXGroup;
			children = (
				8320E15D2719B953009CE5B5 /* HabitsViewController.swift */,
				8320E1692719E094009CE5B5 /* HabitViewController.swift */,
				835E629F271DF28F005003C1 /* HabitsCollectionViewCell.swift */,
				835E62A827285167005003C1 /* ProgressCollectionViewCell.swift */,
				835E62A72725B98B005003C1 /* HabitDetails */,
			);
			path = Habits;
			sourceTree = "<group>";
		};
		835E62A72725B98B005003C1 /* HabitDetails */ = {
			isa = PBXGroup;
			children = (
				835E62A32725B87E005003C1 /* HabitDetailsViewController.swift */,
				835E62A52725B981005003C1 /* HabitDatesTableViewCell.swift */,
			);
			path = HabitDetails;
			sourceTree = "<group>";
		};
		835E62AB272873A3005003C1 /* AppSceneDelegate */ = {
			isa = PBXGroup;
			children = (
				8320E1442719AF5E009CE5B5 /* AppDelegate.swift */,
				8320E1462719AF5E009CE5B5 /* SceneDelegate.swift */,
			);
			path = AppSceneDelegate;
			sourceTree = "<group>";
		};
/* End PBXGroup section */

/* Begin PBXNativeTarget section */
		8320E1402719AF5E009CE5B5 /* MyHabits */ = {
			isa = PBXNativeTarget;
			buildConfigurationList = 8320E1552719AF60009CE5B5 /* Build configuration list for PBXNativeTarget "MyHabits" */;
			buildPhases = (
				8320E13D2719AF5E009CE5B5 /* Sources */,
				8320E13E2719AF5E009CE5B5 /* Frameworks */,
				8320E13F2719AF5E009CE5B5 /* Resources */,
			);
			buildRules = (
			);
			dependencies = (
			);
			name = MyHabits;
			productName = MyHabits;
			productReference = 8320E1412719AF5E009CE5B5 /* MyHabits.app */;
			productType = "com.apple.product-type.application";
		};
/* End PBXNativeTarget section */

/* Begin PBXProject section */
		8320E1392719AF5D009CE5B5 /* Project object */ = {
			isa = PBXProject;
			attributes = {
				BuildIndependentTargetsInParallel = 1;
				LastSwiftUpdateCheck = 1300;
				LastUpgradeCheck = 1300;
				TargetAttributes = {
					8320E1402719AF5E009CE5B5 = {
						CreatedOnToolsVersion = 13.0;
					};
				};
			};
			buildConfigurationList = 8320E13C2719AF5D009CE5B5 /* Build configuration list for PBXProject "MyHabits" */;
			compatibilityVersion = "Xcode 13.0";
			developmentRegion = en;
			hasScannedForEncodings = 0;
			knownRegions = (
				en,
				Base,
			);
			mainGroup = 8320E1382719AF5D009CE5B5;
			productRefGroup = 8320E1422719AF5E009CE5B5 /* Products */;
			projectDirPath = "";
			projectRoot = "";
			targets = (
				8320E1402719AF5E009CE5B5 /* MyHabits */,
			);
		};
/* End PBXProject section */

/* Begin PBXResourcesBuildPhase section */
		8320E13F2719AF5E009CE5B5 /* Resources */ = {
			isa = PBXResourcesBuildPhase;
			buildActionMask = 2147483647;
			files = (
				8320E1512719AF60009CE5B5 /* LaunchScreen.storyboard in Resources */,
				8320E14E2719AF60009CE5B5 /* Assets.xcassets in Resources */,
			);
			runOnlyForDeploymentPostprocessing = 0;
		};
/* End PBXResourcesBuildPhase section */

/* Begin PBXSourcesBuildPhase section */
		8320E13D2719AF5E009CE5B5 /* Sources */ = {
			isa = PBXSourcesBuildPhase;
			buildActionMask = 2147483647;
			files = (
				8320E1662719C7CC009CE5B5 /* publicExtensions.swift in Sources */,
				8320E15C2719B863009CE5B5 /* HabitsStore.swift in Sources */,
				835E62A927285167005003C1 /* ProgressCollectionViewCell.swift in Sources */,
				835E62A0271DF28F005003C1 /* HabitsCollectionViewCell.swift in Sources */,
				8320E1452719AF5E009CE5B5 /* AppDelegate.swift in Sources */,
				8320E15E2719B953009CE5B5 /* HabitsViewController.swift in Sources */,
				8320E1602719B966009CE5B5 /* InfoViewController.swift in Sources */,
				8320E1472719AF5E009CE5B5 /* SceneDelegate.swift in Sources */,
				835E62A42725B87E005003C1 /* HabitDetailsViewController.swift in Sources */,
				835E62A62725B981005003C1 /* HabitDatesTableViewCell.swift in Sources */,
				8320E16A2719E094009CE5B5 /* HabitViewController.swift in Sources */,
			);
			runOnlyForDeploymentPostprocessing = 0;
		};
/* End PBXSourcesBuildPhase section */

/* Begin PBXVariantGroup section */
		8320E14F2719AF60009CE5B5 /* LaunchScreen.storyboard */ = {
			isa = PBXVariantGroup;
			children = (
				8320E1502719AF60009CE5B5 /* Base */,
			);
			name = LaunchScreen.storyboard;
			sourceTree = "<group>";
		};
/* End PBXVariantGroup section */

/* Begin XCBuildConfiguration section */
		8320E1532719AF60009CE5B5 /* Debug */ = {
			isa = XCBuildConfiguration;
			buildSettings = {
				ALWAYS_SEARCH_USER_PATHS = NO;
				CLANG_ANALYZER_NONNULL = YES;
				CLANG_ANALYZER_NUMBER_OBJECT_CONVERSION = YES_AGGRESSIVE;
				CLANG_CXX_LANGUAGE_STANDARD = "gnu++17";
				CLANG_CXX_LIBRARY = "libc++";
				CLANG_ENABLE_MODULES = YES;
				CLANG_ENABLE_OBJC_ARC = YES;
				CLANG_ENABLE_OBJC_WEAK = YES;
				CLANG_WARN_BLOCK_CAPTURE_AUTORELEASING = YES;
				CLANG_WARN_BOOL_CONVERSION = YES;
				CLANG_WARN_COMMA = YES;
				CLANG_WARN_CONSTANT_CONVERSION = YES;
				CLANG_WARN_DEPRECATED_OBJC_IMPLEMENTATIONS = YES;
				CLANG_WARN_DIRECT_OBJC_ISA_USAGE = YES_ERROR;
				CLANG_WARN_DOCUMENTATION_COMMENTS = YES;
				CLANG_WARN_EMPTY_BODY = YES;
				CLANG_WARN_ENUM_CONVERSION = YES;
				CLANG_WARN_INFINITE_RECURSION = YES;
				CLANG_WARN_INT_CONVERSION = YES;
				CLANG_WARN_NON_LITERAL_NULL_CONVERSION = YES;
				CLANG_WARN_OBJC_IMPLICIT_RETAIN_SELF = YES;
				CLANG_WARN_OBJC_LITERAL_CONVERSION = YES;
				CLANG_WARN_OBJC_ROOT_CLASS = YES_ERROR;
				CLANG_WARN_QUOTED_INCLUDE_IN_FRAMEWORK_HEADER = YES;
				CLANG_WARN_RANGE_LOOP_ANALYSIS = YES;
				CLANG_WARN_STRICT_PROTOTYPES = YES;
				CLANG_WARN_SUSPICIOUS_MOVE = YES;
				CLANG_WARN_UNGUARDED_AVAILABILITY = YES_AGGRESSIVE;
				CLANG_WARN_UNREACHABLE_CODE = YES;
				CLANG_WARN__DUPLICATE_METHOD_MATCH = YES;
				COPY_PHASE_STRIP = NO;
				DEBUG_INFORMATION_FORMAT = dwarf;
				ENABLE_STRICT_OBJC_MSGSEND = YES;
				ENABLE_TESTABILITY = YES;
				GCC_C_LANGUAGE_STANDARD = gnu11;
				GCC_DYNAMIC_NO_PIC = NO;
				GCC_NO_COMMON_BLOCKS = YES;
				GCC_OPTIMIZATION_LEVEL = 0;
				GCC_PREPROCESSOR_DEFINITIONS = (
					"DEBUG=1",
					"$(inherited)",
				);
				GCC_WARN_64_TO_32_BIT_CONVERSION = YES;
				GCC_WARN_ABOUT_RETURN_TYPE = YES_ERROR;
				GCC_WARN_UNDECLARED_SELECTOR = YES;
				GCC_WARN_UNINITIALIZED_AUTOS = YES_AGGRESSIVE;
				GCC_WARN_UNUSED_FUNCTION = YES;
				GCC_WARN_UNUSED_VARIABLE = YES;
				IPHONEOS_DEPLOYMENT_TARGET = 15.0;
				MTL_ENABLE_DEBUG_INFO = INCLUDE_SOURCE;
				MTL_FAST_MATH = YES;
				ONLY_ACTIVE_ARCH = YES;
				SDKROOT = iphoneos;
				SWIFT_ACTIVE_COMPILATION_CONDITIONS = DEBUG;
				SWIFT_OPTIMIZATION_LEVEL = "-Onone";
			};
			name = Debug;
		};
		8320E1542719AF60009CE5B5 /* Release */ = {
			isa = XCBuildConfiguration;
			buildSettings = {
				ALWAYS_SEARCH_USER_PATHS = NO;
				CLANG_ANALYZER_NONNULL = YES;
				CLANG_ANALYZER_NUMBER_OBJECT_CONVERSION = YES_AGGRESSIVE;
				CLANG_CXX_LANGUAGE_STANDARD = "gnu++17";
				CLANG_CXX_LIBRARY = "libc++";
				CLANG_ENABLE_MODULES = YES;
				CLANG_ENABLE_OBJC_ARC = YES;
				CLANG_ENABLE_OBJC_WEAK = YES;
				CLANG_WARN_BLOCK_CAPTURE_AUTORELEASING = YES;
				CLANG_WARN_BOOL_CONVERSION = YES;
				CLANG_WARN_COMMA = YES;
				CLANG_WARN_CONSTANT_CONVERSION = YES;
				CLANG_WARN_DEPRECATED_OBJC_IMPLEMENTATIONS = YES;
				CLANG_WARN_DIRECT_OBJC_ISA_USAGE = YES_ERROR;
				CLANG_WARN_DOCUMENTATION_COMMENTS = YES;
				CLANG_WARN_EMPTY_BODY = YES;
				CLANG_WARN_ENUM_CONVERSION = YES;
				CLANG_WARN_INFINITE_RECURSION = YES;
				CLANG_WARN_INT_CONVERSION = YES;
				CLANG_WARN_NON_LITERAL_NULL_CONVERSION = YES;
				CLANG_WARN_OBJC_IMPLICIT_RETAIN_SELF = YES;
				CLANG_WARN_OBJC_LITERAL_CONVERSION = YES;
				CLANG_WARN_OBJC_ROOT_CLASS = YES_ERROR;
				CLANG_WARN_QUOTED_INCLUDE_IN_FRAMEWORK_HEADER = YES;
				CLANG_WARN_RANGE_LOOP_ANALYSIS = YES;
				CLANG_WARN_STRICT_PROTOTYPES = YES;
				CLANG_WARN_SUSPICIOUS_MOVE = YES;
				CLANG_WARN_UNGUARDED_AVAILABILITY = YES_AGGRESSIVE;
				CLANG_WARN_UNREACHABLE_CODE = YES;
				CLANG_WARN__DUPLICATE_METHOD_MATCH = YES;
				COPY_PHASE_STRIP = NO;
				DEBUG_INFORMATION_FORMAT = "dwarf-with-dsym";
				ENABLE_NS_ASSERTIONS = NO;
				ENABLE_STRICT_OBJC_MSGSEND = YES;
				GCC_C_LANGUAGE_STANDARD = gnu11;
				GCC_NO_COMMON_BLOCKS = YES;
				GCC_WARN_64_TO_32_BIT_CONVERSION = YES;
				GCC_WARN_ABOUT_RETURN_TYPE = YES_ERROR;
				GCC_WARN_UNDECLARED_SELECTOR = YES;
				GCC_WARN_UNINITIALIZED_AUTOS = YES_AGGRESSIVE;
				GCC_WARN_UNUSED_FUNCTION = YES;
				GCC_WARN_UNUSED_VARIABLE = YES;
				IPHONEOS_DEPLOYMENT_TARGET = 15.0;
				MTL_ENABLE_DEBUG_INFO = NO;
				MTL_FAST_MATH = YES;
				SDKROOT = iphoneos;
				SWIFT_COMPILATION_MODE = wholemodule;
				SWIFT_OPTIMIZATION_LEVEL = "-O";
				VALIDATE_PRODUCT = YES;
			};
			name = Release;
		};
		8320E1562719AF60009CE5B5 /* Debug */ = {
			isa = XCBuildConfiguration;
			buildSettings = {
				ASSETCATALOG_COMPILER_APPICON_NAME = AppIcon;
				ASSETCATALOG_COMPILER_GLOBAL_ACCENT_COLOR_NAME = AccentColor;
				CODE_SIGN_STYLE = Automatic;
				CURRENT_PROJECT_VERSION = 1;
				DEVELOPMENT_TEAM = GCK24M7W24;
				GENERATE_INFOPLIST_FILE = YES;
				INFOPLIST_FILE = MyHabits/Info.plist;
				INFOPLIST_KEY_UIApplicationSupportsIndirectInputEvents = YES;
				INFOPLIST_KEY_UILaunchStoryboardName = LaunchScreen;
				INFOPLIST_KEY_UISupportedInterfaceOrientations = "UIInterfaceOrientationPortrait UIInterfaceOrientationLandscapeLeft";
				INFOPLIST_KEY_UISupportedInterfaceOrientations_iPad = "UIInterfaceOrientationPortrait UIInterfaceOrientationPortraitUpsideDown UIInterfaceOrientationLandscapeLeft UIInterfaceOrientationLandscapeRight";
				INFOPLIST_KEY_UISupportedInterfaceOrientations_iPhone = "UIInterfaceOrientationPortrait UIInterfaceOrientationLandscapeLeft UIInterfaceOrientationLandscapeRight";
				LD_RUNPATH_SEARCH_PATHS = (
					"$(inherited)",
					"@executable_path/Frameworks",
				);
				MARKETING_VERSION = 1.0;
				PRODUCT_BUNDLE_IDENTIFIER = A3.MyHabits;
				PRODUCT_NAME = "$(TARGET_NAME)";
				SWIFT_EMIT_LOC_STRINGS = YES;
				SWIFT_VERSION = 5.0;
				TARGETED_DEVICE_FAMILY = "1,2";
			};
			name = Debug;
		};
		8320E1572719AF60009CE5B5 /* Release */ = {
			isa = XCBuildConfiguration;
			buildSettings = {
				ASSETCATALOG_COMPILER_APPICON_NAME = AppIcon;
				ASSETCATALOG_COMPILER_GLOBAL_ACCENT_COLOR_NAME = AccentColor;
				CODE_SIGN_STYLE = Automatic;
				CURRENT_PROJECT_VERSION = 1;
				DEVELOPMENT_TEAM = GCK24M7W24;
				GENERATE_INFOPLIST_FILE = YES;
				INFOPLIST_FILE = MyHabits/Info.plist;
				INFOPLIST_KEY_UIApplicationSupportsIndirectInputEvents = YES;
				INFOPLIST_KEY_UILaunchStoryboardName = LaunchScreen;
				INFOPLIST_KEY_UISupportedInterfaceOrientations = "UIInterfaceOrientationPortrait UIInterfaceOrientationLandscapeLeft";
				INFOPLIST_KEY_UISupportedInterfaceOrientations_iPad = "UIInterfaceOrientationPortrait UIInterfaceOrientationPortraitUpsideDown UIInterfaceOrientationLandscapeLeft UIInterfaceOrientationLandscapeRight";
				INFOPLIST_KEY_UISupportedInterfaceOrientations_iPhone = "UIInterfaceOrientationPortrait UIInterfaceOrientationLandscapeLeft UIInterfaceOrientationLandscapeRight";
				LD_RUNPATH_SEARCH_PATHS = (
					"$(inherited)",
					"@executable_path/Frameworks",
				);
				MARKETING_VERSION = 1.0;
				PRODUCT_BUNDLE_IDENTIFIER = A3.MyHabits;
				PRODUCT_NAME = "$(TARGET_NAME)";
				SWIFT_EMIT_LOC_STRINGS = YES;
				SWIFT_VERSION = 5.0;
				TARGETED_DEVICE_FAMILY = "1,2";
			};
			name = Release;
		};
/* End XCBuildConfiguration section */

/* Begin XCConfigurationList section */
		8320E13C2719AF5D009CE5B5 /* Build configuration list for PBXProject "MyHabits" */ = {
			isa = XCConfigurationList;
			buildConfigurations = (
				8320E1532719AF60009CE5B5 /* Debug */,
				8320E1542719AF60009CE5B5 /* Release */,
			);
			defaultConfigurationIsVisible = 0;
			defaultConfigurationName = Release;
		};
		8320E1552719AF60009CE5B5 /* Build configuration list for PBXNativeTarget "MyHabits" */ = {
			isa = XCConfigurationList;
			buildConfigurations = (
				8320E1562719AF60009CE5B5 /* Debug */,
				8320E1572719AF60009CE5B5 /* Release */,
			);
			defaultConfigurationIsVisible = 0;
			defaultConfigurationName = Release;
		};
/* End XCConfigurationList section */
	};
	rootObject = 8320E1392719AF5D009CE5B5 /* Project object */;
}
